
Microsoft Visual Studio Solution File, Format Version 12.00
# Visual Studio 15
VisualStudioVersion = 15.0.26730.16
MinimumVisualStudioVersion = 10.0.40219.1
Project("{FAE04EC0-301F-11D3-BF4B-00C04F79EFBC}") = "alpha", "alpha\alpha.csproj", "{980F75BB-0838-4F3A-87F5-6B216CEA3B32}"
EndProject
Global
	GlobalSection(SolutionConfigurationPlatforms) = preSolution
		Debug|Any CPU = Debug|Any CPU
		Release|Any CPU = Release|Any CPU
	EndGlobalSection
	GlobalSection(ProjectConfigurationPlatforms) = postSolution
		{980F75BB-0838-4F3A-87F5-6B216CEA3B32}.Debug|Any CPU.ActiveCfg = Debug|Any CPU
		{980F75BB-0838-4F3A-87F5-6B216CEA3B32}.Debug|Any CPU.Build.0 = Debug|Any CPU
		{980F75BB-0838-4F3A-87F5-6B216CEA3B32}.Release|Any CPU.ActiveCfg = Release|Any CPU
		{980F75BB-0838-4F3A-87F5-6B216CEA3B32}.Release|Any CPU.Build.0 = Release|Any CPU
	EndGlobalSection
	GlobalSection(SolutionProperties) = preSolution
		HideSolutionNode = FALSE
	EndGlobalSection
	GlobalSection(ExtensibilityGlobals) = postSolution
		SolutionGuid = {87B58FD4-2A76-4C5E-A75C-022A24AAB1F3}
	EndGlobalSection
EndGlobal
